// !$*UTF8*$!
{
	archiveVersion = 1;
	classes = {
	};
	objectVersion = 50;
	objects = {

/* Begin PBXBuildFile section */
		2F71D267235A56DF00776385 /* AppDelegate.swift in Sources */ = {isa = PBXBuildFile; fileRef = 2F71D266235A56DF00776385 /* AppDelegate.swift */; };
		2F71D26B235A56DF00776385 /* ViewController.swift in Sources */ = {isa = PBXBuildFile; fileRef = 2F71D26A235A56DF00776385 /* ViewController.swift */; };
		2F71D26E235A56DF00776385 /* Main.storyboard in Resources */ = {isa = PBXBuildFile; fileRef = 2F71D26C235A56DF00776385 /* Main.storyboard */; };
		2F71D270235A56E100776385 /* Assets.xcassets in Resources */ = {isa = PBXBuildFile; fileRef = 2F71D26F235A56E100776385 /* Assets.xcassets */; };
		2F71D273235A56E100776385 /* LaunchScreen.storyboard in Resources */ = {isa = PBXBuildFile; fileRef = 2F71D271235A56E100776385 /* LaunchScreen.storyboard */; };
		2F71D27B235A573400776385 /* SceneDelegate.swift in Sources */ = {isa = PBXBuildFile; fileRef = 2F71D27A235A573400776385 /* SceneDelegate.swift */; };
		2F71D27D235A574E00776385 /* Hola.swift in Sources */ = {isa = PBXBuildFile; fileRef = 2F71D27C235A574E00776385 /* Hola.swift */; };
/* End PBXBuildFile section */

/* Begin PBXFileReference section */
		2F71D263235A56DF00776385 /* HolaExample.app */ = {isa = PBXFileReference; explicitFileType = wrapper.application; includeInIndex = 0; path = HolaExample.app; sourceTree = BUILT_PRODUCTS_DIR; };
		2F71D266235A56DF00776385 /* AppDelegate.swift */ = {isa = PBXFileReference; lastKnownFileType = sourcecode.swift; path = AppDelegate.swift; sourceTree = "<group>"; };
		2F71D26A235A56DF00776385 /* ViewController.swift */ = {isa = PBXFileReference; lastKnownFileType = sourcecode.swift; path = ViewController.swift; sourceTree = "<group>"; };
		2F71D26D235A56DF00776385 /* Base */ = {isa = PBXFileReference; lastKnownFileType = file.storyboard; name = Base; path = Base.lproj/Main.storyboard; sourceTree = "<group>"; };
		2F71D26F235A56E100776385 /* Assets.xcassets */ = {isa = PBXFileReference; lastKnownFileType = folder.assetcatalog; path = Assets.xcassets; sourceTree = "<group>"; };
		2F71D272235A56E100776385 /* Base */ = {isa = PBXFileReference; lastKnownFileType = file.storyboard; name = Base; path = Base.lproj/LaunchScreen.storyboard; sourceTree = "<group>"; };
		2F71D274235A56E100776385 /* Info.plist */ = {isa = PBXFileReference; lastKnownFileType = text.plist.xml; path = Info.plist; sourceTree = "<group>"; };
		2F71D27A235A573400776385 /* SceneDelegate.swift */ = {isa = PBXFileReference; fileEncoding = 4; lastKnownFileType = sourcecode.swift; path = SceneDelegate.swift; sourceTree = "<group>"; };
		2F71D27C235A574E00776385 /* Hola.swift */ = {isa = PBXFileReference; fileEncoding = 4; lastKnownFileType = sourcecode.swift; path = Hola.swift; sourceTree = "<group>"; };
/* End PBXFileReference section */

/* Begin PBXFrameworksBuildPhase section */
		2F71D260235A56DF00776385 /* Frameworks */ = {
			isa = PBXFrameworksBuildPhase;
			buildActionMask = 2147483647;
			files = (
			);
			runOnlyForDeploymentPostprocessing = 0;
		};
/* End PBXFrameworksBuildPhase section */

/* Begin PBXGroup section */
		2F71D25A235A56DF00776385 = {
			isa = PBXGroup;
			children = (
				2F71D265235A56DF00776385 /* HolaExample */,
				2F71D264235A56DF00776385 /* Products */,
			);
			sourceTree = "<group>";
		};
		2F71D264235A56DF00776385 /* Products */ = {
			isa = PBXGroup;
			children = (
				2F71D263235A56DF00776385 /* HolaExample.app */,
			);
			name = Products;
			sourceTree = "<group>";
		};
		2F71D265235A56DF00776385 /* HolaExample */ = {
			isa = PBXGroup;
			children = (
				2F71D27A235A573400776385 /* SceneDelegate.swift */,
				2F71D266235A56DF00776385 /* AppDelegate.swift */,
				2F71D26A235A56DF00776385 /* ViewController.swift */,
				2F71D26C235A56DF00776385 /* Main.storyboard */,
				2F71D26F235A56E100776385 /* Assets.xcassets */,
				2F71D271235A56E100776385 /* LaunchScreen.storyboard */,
				2F71D27C235A574E00776385 /* Hola.swift */,
				2F71D274235A56E100776385 /* Info.plist */,
			);
			path = HolaExample;
			sourceTree = "<group>";
		};
/* End PBXGroup section */

/* Begin PBXNativeTarget section */
		2F71D262235A56DF00776385 /* HolaExample */ = {
			isa = PBXNativeTarget;
			buildConfigurationList = 2F71D277235A56E100776385 /* Build configuration list for PBXNativeTarget "HolaExample" */;
			buildPhases = (
				2F71D25F235A56DF00776385 /* Sources */,
				2F71D260235A56DF00776385 /* Frameworks */,
				2F71D261235A56DF00776385 /* Resources */,
			);
			buildRules = (
			);
			dependencies = (
			);
			name = HolaExample;
			productName = HolaExample;
			productReference = 2F71D263235A56DF00776385 /* HolaExample.app */;
			productType = "com.apple.product-type.application";
		};
/* End PBXNativeTarget section */

/* Begin PBXProject section */
		2F71D25B235A56DF00776385 /* Project object */ = {
			isa = PBXProject;
			attributes = {
				LastSwiftUpdateCheck = 1100;
				LastUpgradeCheck = 1100;
				ORGANIZATIONNAME = "Emrah Korkmaz";
				TargetAttributes = {
					2F71D262235A56DF00776385 = {
						CreatedOnToolsVersion = 11.0;
					};
				};
			};
			buildConfigurationList = 2F71D25E235A56DF00776385 /* Build configuration list for PBXProject "HolaExample" */;
			compatibilityVersion = "Xcode 9.3";
			developmentRegion = en;
			hasScannedForEncodings = 0;
			knownRegions = (
				en,
				Base,
			);
			mainGroup = 2F71D25A235A56DF00776385;
			productRefGroup = 2F71D264235A56DF00776385 /* Products */;
			projectDirPath = "";
			projectRoot = "";
			targets = (
				2F71D262235A56DF00776385 /* HolaExample */,
			);
		};
/* End PBXProject section */

/* Begin PBXResourcesBuildPhase section */
		2F71D261235A56DF00776385 /* Resources */ = {
			isa = PBXResourcesBuildPhase;
			buildActionMask = 2147483647;
			files = (
				2F71D273235A56E100776385 /* LaunchScreen.storyboard in Resources */,
				2F71D270235A56E100776385 /* Assets.xcassets in Resources */,
				2F71D26E235A56DF00776385 /* Main.storyboard in Resources */,
			);
			runOnlyForDeploymentPostprocessing = 0;
		};
/* End PBXResourcesBuildPhase section */

/* Begin PBXSourcesBuildPhase section */
		2F71D25F235A56DF00776385 /* Sources */ = {
			isa = PBXSourcesBuildPhase;
			buildActionMask = 2147483647;
			files = (
				2F71D27B235A573400776385 /* SceneDelegate.swift in Sources */,
				2F71D27D235A574E00776385 /* Hola.swift in Sources */,
				2F71D26B235A56DF00776385 /* ViewController.swift in Sources */,
				2F71D267235A56DF00776385 /* AppDelegate.swift in Sources */,
			);
			runOnlyForDeploymentPostprocessing = 0;
		};
/* End PBXSourcesBuildPhase section */

/* Begin PBXVariantGroup section */
		2F71D26C235A56DF00776385 /* Main.storyboard */ = {
			isa = PBXVariantGroup;
			children = (
				2F71D26D235A56DF00776385 /* Base */,
			);
			name = Main.storyboard;
			sourceTree = "<group>";
		};
		2F71D271235A56E100776385 /* LaunchScreen.storyboard */ = {
			isa = PBXVariantGroup;
			children = (
				2F71D272235A56E100776385 /* Base */,
			);
			name = LaunchScreen.storyboard;
			sourceTree = "<group>";
		};
/* End PBXVariantGroup section */

/* Begin XCBuildConfiguration section */
		2F71D275235A56E100776385 /* Debug */ = {
			isa = XCBuildConfiguration;
			buildSettings = {
				ALWAYS_SEARCH_USER_PATHS = NO;
				CLANG_ANALYZER_NONNULL = YES;
				CLANG_ANALYZER_NUMBER_OBJECT_CONVERSION = YES_AGGRESSIVE;
				CLANG_CXX_LANGUAGE_STANDARD = "gnu++14";
				CLANG_CXX_LIBRARY = "libc++";
				CLANG_ENABLE_MODULES = YES;
				CLANG_ENABLE_OBJC_ARC = YES;
				CLANG_ENABLE_OBJC_WEAK = YES;
				CLANG_WARN_BLOCK_CAPTURE_AUTORELEASING = YES;
				CLANG_WARN_BOOL_CONVERSION = YES;
				CLANG_WARN_COMMA = YES;
				CLANG_WARN_CONSTANT_CONVERSION = YES;
				CLANG_WARN_DEPRECATED_OBJC_IMPLEMENTATIONS = YES;
				CLANG_WARN_DIRECT_OBJC_ISA_USAGE = YES_ERROR;
				CLANG_WARN_DOCUMENTATION_COMMENTS = YES;
				CLANG_WARN_EMPTY_BODY = YES;
				CLANG_WARN_ENUM_CONVERSION = YES;
				CLANG_WARN_INFINITE_RECURSION = YES;
				CLANG_WARN_INT_CONVERSION = YES;
				CLANG_WARN_NON_LITERAL_NULL_CONVERSION = YES;
				CLANG_WARN_OBJC_IMPLICIT_RETAIN_SELF = YES;
				CLANG_WARN_OBJC_LITERAL_CONVERSION = YES;
				CLANG_WARN_OBJC_ROOT_CLASS = YES_ERROR;
				CLANG_WARN_RANGE_LOOP_ANALYSIS = YES;
				CLANG_WARN_STRICT_PROTOTYPES = YES;
				CLANG_WARN_SUSPICIOUS_MOVE = YES;
				CLANG_WARN_UNGUARDED_AVAILABILITY = YES_AGGRESSIVE;
				CLANG_WARN_UNREACHABLE_CODE = YES;
				CLANG_WARN__DUPLICATE_METHOD_MATCH = YES;
				COPY_PHASE_STRIP = NO;
				DEBUG_INFORMATION_FORMAT = dwarf;
				ENABLE_STRICT_OBJC_MSGSEND = YES;
				ENABLE_TESTABILITY = YES;
				GCC_C_LANGUAGE_STANDARD = gnu11;
				GCC_DYNAMIC_NO_PIC = NO;
				GCC_NO_COMMON_BLOCKS = YES;
				GCC_OPTIMIZATION_LEVEL = 0;
				GCC_PREPROCESSOR_DEFINITIONS = (
					"DEBUG=1",
					"$(inherited)",
				);
				GCC_WARN_64_TO_32_BIT_CONVERSION = YES;
				GCC_WARN_ABOUT_RETURN_TYPE = YES_ERROR;
				GCC_WARN_UNDECLARED_SELECTOR = YES;
				GCC_WARN_UNINITIALIZED_AUTOS = YES_AGGRESSIVE;
				GCC_WARN_UNUSED_FUNCTION = YES;
				GCC_WARN_UNUSED_VARIABLE = YES;
				IPHONEOS_DEPLOYMENT_TARGET = 13.0;
				MTL_ENABLE_DEBUG_INFO = INCLUDE_SOURCE;
				MTL_FAST_MATH = YES;
				ONLY_ACTIVE_ARCH = YES;
				SDKROOT = iphoneos;
				SWIFT_ACTIVE_COMPILATION_CONDITIONS = DEBUG;
				SWIFT_OPTIMIZATION_LEVEL = "-Onone";
			};
			name = Debug;
		};
		2F71D276235A56E100776385 /* Release */ = {
			isa = XCBuildConfiguration;
			buildSettings = {
				ALWAYS_SEARCH_USER_PATHS = NO;
				CLANG_ANALYZER_NONNULL = YES;
				CLANG_ANALYZER_NUMBER_OBJECT_CONVERSION = YES_AGGRESSIVE;
				CLANG_CXX_LANGUAGE_STANDARD = "gnu++14";
				CLANG_CXX_LIBRARY = "libc++";
				CLANG_ENABLE_MODULES = YES;
				CLANG_ENABLE_OBJC_ARC = YES;
				CLANG_ENABLE_OBJC_WEAK = YES;
				CLANG_WARN_BLOCK_CAPTURE_AUTORELEASING = YES;
				CLANG_WARN_BOOL_CONVERSION = YES;
				CLANG_WARN_COMMA = YES;
				CLANG_WARN_CONSTANT_CONVERSION = YES;
				CLANG_WARN_DEPRECATED_OBJC_IMPLEMENTATIONS = YES;
				CLANG_WARN_DIRECT_OBJC_ISA_USAGE = YES_ERROR;
				CLANG_WARN_DOCUMENTATION_COMMENTS = YES;
				CLANG_WARN_EMPTY_BODY = YES;
				CLANG_WARN_ENUM_CONVERSION = YES;
				CLANG_WARN_INFINITE_RECURSION = YES;
				CLANG_WARN_INT_CONVERSION = YES;
				CLANG_WARN_NON_LITERAL_NULL_CONVERSION = YES;
				CLANG_WARN_OBJC_IMPLICIT_RETAIN_SELF = YES;
				CLANG_WARN_OBJC_LITERAL_CONVERSION = YES;
				CLANG_WARN_OBJC_ROOT_CLASS = YES_ERROR;
				CLANG_WARN_RANGE_LOOP_ANALYSIS = YES;
				CLANG_WARN_STRICT_PROTOTYPES = YES;
				CLANG_WARN_SUSPICIOUS_MOVE = YES;
				CLANG_WARN_UNGUARDED_AVAILABILITY = YES_AGGRESSIVE;
				CLANG_WARN_UNREACHABLE_CODE = YES;
				CLANG_WARN__DUPLICATE_METHOD_MATCH = YES;
				COPY_PHASE_STRIP = NO;
				DEBUG_INFORMATION_FORMAT = "dwarf-with-dsym";
				ENABLE_NS_ASSERTIONS = NO;
				ENABLE_STRICT_OBJC_MSGSEND = YES;
				GCC_C_LANGUAGE_STANDARD = gnu11;
				GCC_NO_COMMON_BLOCKS = YES;
				GCC_WARN_64_TO_32_BIT_CONVERSION = YES;
				GCC_WARN_ABOUT_RETURN_TYPE = YES_ERROR;
				GCC_WARN_UNDECLARED_SELECTOR = YES;
				GCC_WARN_UNINITIALIZED_AUTOS = YES_AGGRESSIVE;
				GCC_WARN_UNUSED_FUNCTION = YES;
				GCC_WARN_UNUSED_VARIABLE = YES;
				IPHONEOS_DEPLOYMENT_TARGET = 13.0;
				MTL_ENABLE_DEBUG_INFO = NO;
				MTL_FAST_MATH = YES;
				SDKROOT = iphoneos;
				SWIFT_COMPILATION_MODE = wholemodule;
				SWIFT_OPTIMIZATION_LEVEL = "-O";
				VALIDATE_PRODUCT = YES;
			};
			name = Release;
		};
		2F71D278235A56E100776385 /* Debug */ = {
			isa = XCBuildConfiguration;
			buildSettings = {
				ASSETCATALOG_COMPILER_APPICON_NAME = AppIcon;
				CODE_SIGN_STYLE = Automatic;
				DEVELOPMENT_TEAM = Q84A6DV979;
				INFOPLIST_FILE = HolaExample/Info.plist;
				LD_RUNPATH_SEARCH_PATHS = (
					"$(inherited)",
					"@executable_path/Frameworks",
				);
				PRODUCT_BUNDLE_IDENTIFIER = com.emrahkorkmaz.HolaExample;
				PRODUCT_NAME = "$(TARGET_NAME)";
				SWIFT_VERSION = 5.0;
				TARGETED_DEVICE_FAMILY = "1,2";
			};
			name = Debug;
		};
		2F71D279235A56E100776385 /* Release */ = {
			isa = XCBuildConfiguration;
			buildSettings = {
				ASSETCATALOG_COMPILER_APPICON_NAME = AppIcon;
				CODE_SIGN_STYLE = Automatic;
				DEVELOPMENT_TEAM = Q84A6DV979;
				INFOPLIST_FILE = HolaExample/Info.plist;
				LD_RUNPATH_SEARCH_PATHS = (
					"$(inherited)",
					"@executable_path/Frameworks",
				);
				PRODUCT_BUNDLE_IDENTIFIER = com.emrahkorkmaz.HolaExample;
				PRODUCT_NAME = "$(TARGET_NAME)";
				SWIFT_VERSION = 5.0;
				TARGETED_DEVICE_FAMILY = "1,2";
			};
			name = Release;
		};
/* End XCBuildConfiguration section */

/* Begin XCConfigurationList section */
		2F71D25E235A56DF00776385 /* Build configuration list for PBXProject "HolaExample" */ = {
			isa = XCConfigurationList;
			buildConfigurations = (
				2F71D275235A56E100776385 /* Debug */,
				2F71D276235A56E100776385 /* Release */,
			);
			defaultConfigurationIsVisible = 0;
			defaultConfigurationName = Release;
		};
		2F71D277235A56E100776385 /* Build configuration list for PBXNativeTarget "HolaExample" */ = {
			isa = XCConfigurationList;
			buildConfigurations = (
				2F71D278235A56E100776385 /* Debug */,
				2F71D279235A56E100776385 /* Release */,
			);
			defaultConfigurationIsVisible = 0;
			defaultConfigurationName = Release;
		};
/* End XCConfigurationList section */
	};
	rootObject = 2F71D25B235A56DF00776385 /* Project object */;
}
