// !$*UTF8*$!
{
	archiveVersion = 1;
	classes = {
	};
	objectVersion = 48;
	objects = {

/* Begin PBXBuildFile section */
		AAA997381FB7C40300B129AC /* AppDelegate.swift in Sources */ = {isa = PBXBuildFile; fileRef = AAA997371FB7C40300B129AC /* AppDelegate.swift */; };
		AAA9973A1FB7C40300B129AC /* ViewController.swift in Sources */ = {isa = PBXBuildFile; fileRef = AAA997391FB7C40300B129AC /* ViewController.swift */; };
		AAA9973D1FB7C40300B129AC /* Main.storyboard in Resources */ = {isa = PBXBuildFile; fileRef = AAA9973B1FB7C40300B129AC /* Main.storyboard */; };
		AAA9973F1FB7C40300B129AC /* Assets.xcassets in Resources */ = {isa = PBXBuildFile; fileRef = AAA9973E1FB7C40300B129AC /* Assets.xcassets */; };
		AAA997421FB7C40300B129AC /* LaunchScreen.storyboard in Resources */ = {isa = PBXBuildFile; fileRef = AAA997401FB7C40300B129AC /* LaunchScreen.storyboard */; };
		AAA9974A1FB7CA3C00B129AC /* Hola.swift in Sources */ = {isa = PBXBuildFile; fileRef = AAA997491FB7CA3C00B129AC /* Hola.swift */; };
/* End PBXBuildFile section */

/* Begin PBXFileReference section */
		AAA997341FB7C40300B129AC /* Hola.app */ = {isa = PBXFileReference; explicitFileType = wrapper.application; includeInIndex = 0; path = Hola.app; sourceTree = BUILT_PRODUCTS_DIR; };
		AAA997371FB7C40300B129AC /* AppDelegate.swift */ = {isa = PBXFileReference; lastKnownFileType = sourcecode.swift; path = AppDelegate.swift; sourceTree = "<group>"; };
		AAA997391FB7C40300B129AC /* ViewController.swift */ = {isa = PBXFileReference; lastKnownFileType = sourcecode.swift; path = ViewController.swift; sourceTree = "<group>"; };
		AAA9973C1FB7C40300B129AC /* Base */ = {isa = PBXFileReference; lastKnownFileType = file.storyboard; name = Base; path = Base.lproj/Main.storyboard; sourceTree = "<group>"; };
		AAA9973E1FB7C40300B129AC /* Assets.xcassets */ = {isa = PBXFileReference; lastKnownFileType = folder.assetcatalog; path = Assets.xcassets; sourceTree = "<group>"; };
		AAA997411FB7C40300B129AC /* Base */ = {isa = PBXFileReference; lastKnownFileType = file.storyboard; name = Base; path = Base.lproj/LaunchScreen.storyboard; sourceTree = "<group>"; };
		AAA997431FB7C40300B129AC /* Info.plist */ = {isa = PBXFileReference; lastKnownFileType = text.plist.xml; path = Info.plist; sourceTree = "<group>"; };
		AAA997491FB7CA3C00B129AC /* Hola.swift */ = {isa = PBXFileReference; lastKnownFileType = sourcecode.swift; path = Hola.swift; sourceTree = "<group>"; };
/* End PBXFileReference section */

/* Begin PBXFrameworksBuildPhase section */
		AAA997311FB7C40300B129AC /* Frameworks */ = {
			isa = PBXFrameworksBuildPhase;
			buildActionMask = 2147483647;
			files = (
			);
			runOnlyForDeploymentPostprocessing = 0;
		};
/* End PBXFrameworksBuildPhase section */

/* Begin PBXGroup section */
		AAA9972B1FB7C40200B129AC = {
			isa = PBXGroup;
			children = (
				AAA997361FB7C40300B129AC /* Hola */,
				AAA997351FB7C40300B129AC /* Products */,
			);
			sourceTree = "<group>";
		};
		AAA997351FB7C40300B129AC /* Products */ = {
			isa = PBXGroup;
			children = (
				AAA997341FB7C40300B129AC /* Hola.app */,
			);
			name = Products;
			sourceTree = "<group>";
		};
		AAA997361FB7C40300B129AC /* Hola */ = {
			isa = PBXGroup;
			children = (
				AAA997371FB7C40300B129AC /* AppDelegate.swift */,
				AAA997391FB7C40300B129AC /* ViewController.swift */,
				AAA9973B1FB7C40300B129AC /* Main.storyboard */,
				AAA9973E1FB7C40300B129AC /* Assets.xcassets */,
				AAA997401FB7C40300B129AC /* LaunchScreen.storyboard */,
				AAA997431FB7C40300B129AC /* Info.plist */,
				AAA997491FB7CA3C00B129AC /* Hola.swift */,
			);
			path = Hola;
			sourceTree = "<group>";
		};
/* End PBXGroup section */

/* Begin PBXNativeTarget section */
		AAA997331FB7C40300B129AC /* Hola */ = {
			isa = PBXNativeTarget;
			buildConfigurationList = AAA997461FB7C40300B129AC /* Build configuration list for PBXNativeTarget "Hola" */;
			buildPhases = (
				AAA997301FB7C40300B129AC /* Sources */,
				AAA997311FB7C40300B129AC /* Frameworks */,
				AAA997321FB7C40300B129AC /* Resources */,
			);
			buildRules = (
			);
			dependencies = (
			);
			name = Hola;
			productName = Hola;
			productReference = AAA997341FB7C40300B129AC /* Hola.app */;
			productType = "com.apple.product-type.application";
		};
/* End PBXNativeTarget section */

/* Begin PBXProject section */
		AAA9972C1FB7C40200B129AC /* Project object */ = {
			isa = PBXProject;
			attributes = {
				LastSwiftUpdateCheck = 0910;
				LastUpgradeCheck = 0910;
				ORGANIZATIONNAME = EmrahKorkmaz;
				TargetAttributes = {
					AAA997331FB7C40300B129AC = {
						CreatedOnToolsVersion = 9.1;
						ProvisioningStyle = Automatic;
					};
				};
			};
			buildConfigurationList = AAA9972F1FB7C40200B129AC /* Build configuration list for PBXProject "Hola" */;
			compatibilityVersion = "Xcode 8.0";
			developmentRegion = en;
			hasScannedForEncodings = 0;
			knownRegions = (
				en,
				Base,
			);
			mainGroup = AAA9972B1FB7C40200B129AC;
			productRefGroup = AAA997351FB7C40300B129AC /* Products */;
			projectDirPath = "";
			projectRoot = "";
			targets = (
				AAA997331FB7C40300B129AC /* Hola */,
			);
		};
/* End PBXProject section */

/* Begin PBXResourcesBuildPhase section */
		AAA997321FB7C40300B129AC /* Resources */ = {
			isa = PBXResourcesBuildPhase;
			buildActionMask = 2147483647;
			files = (
				AAA997421FB7C40300B129AC /* LaunchScreen.storyboard in Resources */,
				AAA9973F1FB7C40300B129AC /* Assets.xcassets in Resources */,
				AAA9973D1FB7C40300B129AC /* Main.storyboard in Resources */,
			);
			runOnlyForDeploymentPostprocessing = 0;
		};
/* End PBXResourcesBuildPhase section */

/* Begin PBXSourcesBuildPhase section */
		AAA997301FB7C40300B129AC /* Sources */ = {
			isa = PBXSourcesBuildPhase;
			buildActionMask = 2147483647;
			files = (
				AAA9973A1FB7C40300B129AC /* ViewController.swift in Sources */,
				AAA9974A1FB7CA3C00B129AC /* Hola.swift in Sources */,
				AAA997381FB7C40300B129AC /* AppDelegate.swift in Sources */,
			);
			runOnlyForDeploymentPostprocessing = 0;
		};
/* End PBXSourcesBuildPhase section */

/* Begin PBXVariantGroup section */
		AAA9973B1FB7C40300B129AC /* Main.storyboard */ = {
			isa = PBXVariantGroup;
			children = (
				AAA9973C1FB7C40300B129AC /* Base */,
			);
			name = Main.storyboard;
			sourceTree = "<group>";
		};
		AAA997401FB7C40300B129AC /* LaunchScreen.storyboard */ = {
			isa = PBXVariantGroup;
			children = (
				AAA997411FB7C40300B129AC /* Base */,
			);
			name = LaunchScreen.storyboard;
			sourceTree = "<group>";
		};
/* End PBXVariantGroup section */

/* Begin XCBuildConfiguration section */
		AAA997441FB7C40300B129AC /* Debug */ = {
			isa = XCBuildConfiguration;
			buildSettings = {
				ALWAYS_SEARCH_USER_PATHS = NO;
				CLANG_ANALYZER_NONNULL = YES;
				CLANG_ANALYZER_NUMBER_OBJECT_CONVERSION = YES_AGGRESSIVE;
				CLANG_CXX_LANGUAGE_STANDARD = "gnu++14";
				CLANG_CXX_LIBRARY = "libc++";
				CLANG_ENABLE_MODULES = YES;
				CLANG_ENABLE_OBJC_ARC = YES;
				CLANG_WARN_BLOCK_CAPTURE_AUTORELEASING = YES;
				CLANG_WARN_BOOL_CONVERSION = YES;
				CLANG_WARN_COMMA = YES;
				CLANG_WARN_CONSTANT_CONVERSION = YES;
				CLANG_WARN_DIRECT_OBJC_ISA_USAGE = YES_ERROR;
				CLANG_WARN_DOCUMENTATION_COMMENTS = YES;
				CLANG_WARN_EMPTY_BODY = YES;
				CLANG_WARN_ENUM_CONVERSION = YES;
				CLANG_WARN_INFINITE_RECURSION = YES;
				CLANG_WARN_INT_CONVERSION = YES;
				CLANG_WARN_NON_LITERAL_NULL_CONVERSION = YES;
				CLANG_WARN_OBJC_LITERAL_CONVERSION = YES;
				CLANG_WARN_OBJC_ROOT_CLASS = YES_ERROR;
				CLANG_WARN_RANGE_LOOP_ANALYSIS = YES;
				CLANG_WARN_STRICT_PROTOTYPES = YES;
				CLANG_WARN_SUSPICIOUS_MOVE = YES;
				CLANG_WARN_UNGUARDED_AVAILABILITY = YES_AGGRESSIVE;
				CLANG_WARN_UNREACHABLE_CODE = YES;
				CLANG_WARN__DUPLICATE_METHOD_MATCH = YES;
				CODE_SIGN_IDENTITY = "iPhone Developer";
				COPY_PHASE_STRIP = NO;
				DEBUG_INFORMATION_FORMAT = dwarf;
				ENABLE_STRICT_OBJC_MSGSEND = YES;
				ENABLE_TESTABILITY = YES;
				GCC_C_LANGUAGE_STANDARD = gnu11;
				GCC_DYNAMIC_NO_PIC = NO;
				GCC_NO_COMMON_BLOCKS = YES;
				GCC_OPTIMIZATION_LEVEL = 0;
				GCC_PREPROCESSOR_DEFINITIONS = (
					"DEBUG=1",
					"$(inherited)",
				);
				GCC_WARN_64_TO_32_BIT_CONVERSION = YES;
				GCC_WARN_ABOUT_RETURN_TYPE = YES_ERROR;
				GCC_WARN_UNDECLARED_SELECTOR = YES;
				GCC_WARN_UNINITIALIZED_AUTOS = YES_AGGRESSIVE;
				GCC_WARN_UNUSED_FUNCTION = YES;
				GCC_WARN_UNUSED_VARIABLE = YES;
				IPHONEOS_DEPLOYMENT_TARGET = 11.1;
				MTL_ENABLE_DEBUG_INFO = YES;
				ONLY_ACTIVE_ARCH = YES;
				SDKROOT = iphoneos;
				SWIFT_ACTIVE_COMPILATION_CONDITIONS = DEBUG;
				SWIFT_OPTIMIZATION_LEVEL = "-Onone";
			};
			name = Debug;
		};
		AAA997451FB7C40300B129AC /* Release */ = {
			isa = XCBuildConfiguration;
			buildSettings = {
				ALWAYS_SEARCH_USER_PATHS = NO;
				CLANG_ANALYZER_NONNULL = YES;
				CLANG_ANALYZER_NUMBER_OBJECT_CONVERSION = YES_AGGRESSIVE;
				CLANG_CXX_LANGUAGE_STANDARD = "gnu++14";
				CLANG_CXX_LIBRARY = "libc++";
				CLANG_ENABLE_MODULES = YES;
				CLANG_ENABLE_OBJC_ARC = YES;
				CLANG_WARN_BLOCK_CAPTURE_AUTORELEASING = YES;
				CLANG_WARN_BOOL_CONVERSION = YES;
				CLANG_WARN_COMMA = YES;
				CLANG_WARN_CONSTANT_CONVERSION = YES;
				CLANG_WARN_DIRECT_OBJC_ISA_USAGE = YES_ERROR;
				CLANG_WARN_DOCUMENTATION_COMMENTS = YES;
				CLANG_WARN_EMPTY_BODY = YES;
				CLANG_WARN_ENUM_CONVERSION = YES;
				CLANG_WARN_INFINITE_RECURSION = YES;
				CLANG_WARN_INT_CONVERSION = YES;
				CLANG_WARN_NON_LITERAL_NULL_CONVERSION = YES;
				CLANG_WARN_OBJC_LITERAL_CONVERSION = YES;
				CLANG_WARN_OBJC_ROOT_CLASS = YES_ERROR;
				CLANG_WARN_RANGE_LOOP_ANALYSIS = YES;
				CLANG_WARN_STRICT_PROTOTYPES = YES;
				CLANG_WARN_SUSPICIOUS_MOVE = YES;
				CLANG_WARN_UNGUARDED_AVAILABILITY = YES_AGGRESSIVE;
				CLANG_WARN_UNREACHABLE_CODE = YES;
				CLANG_WARN__DUPLICATE_METHOD_MATCH = YES;
				CODE_SIGN_IDENTITY = "iPhone Developer";
				COPY_PHASE_STRIP = NO;
				DEBUG_INFORMATION_FORMAT = "dwarf-with-dsym";
				ENABLE_NS_ASSERTIONS = NO;
				ENABLE_STRICT_OBJC_MSGSEND = YES;
				GCC_C_LANGUAGE_STANDARD = gnu11;
				GCC_NO_COMMON_BLOCKS = YES;
				GCC_WARN_64_TO_32_BIT_CONVERSION = YES;
				GCC_WARN_ABOUT_RETURN_TYPE = YES_ERROR;
				GCC_WARN_UNDECLARED_SELECTOR = YES;
				GCC_WARN_UNINITIALIZED_AUTOS = YES_AGGRESSIVE;
				GCC_WARN_UNUSED_FUNCTION = YES;
				GCC_WARN_UNUSED_VARIABLE = YES;
				IPHONEOS_DEPLOYMENT_TARGET = 11.1;
				MTL_ENABLE_DEBUG_INFO = NO;
				SDKROOT = iphoneos;
				SWIFT_OPTIMIZATION_LEVEL = "-Owholemodule";
				VALIDATE_PRODUCT = YES;
			};
			name = Release;
		};
		AAA997471FB7C40300B129AC /* Debug */ = {
			isa = XCBuildConfiguration;
			buildSettings = {
				ASSETCATALOG_COMPILER_APPICON_NAME = AppIcon;
				CODE_SIGN_STYLE = Automatic;
				INFOPLIST_FILE = Hola/Info.plist;
				LD_RUNPATH_SEARCH_PATHS = "$(inherited) @executable_path/Frameworks";
				PRODUCT_BUNDLE_IDENTIFIER = com.emrah.Hola;
				PRODUCT_NAME = "$(TARGET_NAME)";
				SWIFT_VERSION = 4.0;
				TARGETED_DEVICE_FAMILY = "1,2";
			};
			name = Debug;
		};
		AAA997481FB7C40300B129AC /* Release */ = {
			isa = XCBuildConfiguration;
			buildSettings = {
				ASSETCATALOG_COMPILER_APPICON_NAME = AppIcon;
				CODE_SIGN_STYLE = Automatic;
				INFOPLIST_FILE = Hola/Info.plist;
				LD_RUNPATH_SEARCH_PATHS = "$(inherited) @executable_path/Frameworks";
				PRODUCT_BUNDLE_IDENTIFIER = com.emrah.Hola;
				PRODUCT_NAME = "$(TARGET_NAME)";
				SWIFT_VERSION = 4.0;
				TARGETED_DEVICE_FAMILY = "1,2";
			};
			name = Release;
		};
/* End XCBuildConfiguration section */

/* Begin XCConfigurationList section */
		AAA9972F1FB7C40200B129AC /* Build configuration list for PBXProject "Hola" */ = {
			isa = XCConfigurationList;
			buildConfigurations = (
				AAA997441FB7C40300B129AC /* Debug */,
				AAA997451FB7C40300B129AC /* Release */,
			);
			defaultConfigurationIsVisible = 0;
			defaultConfigurationName = Release;
		};
		AAA997461FB7C40300B129AC /* Build configuration list for PBXNativeTarget "Hola" */ = {
			isa = XCConfigurationList;
			buildConfigurations = (
				AAA997471FB7C40300B129AC /* Debug */,
				AAA997481FB7C40300B129AC /* Release */,
			);
			defaultConfigurationIsVisible = 0;
			defaultConfigurationName = Release;
		};
/* End XCConfigurationList section */
	};
	rootObject = AAA9972C1FB7C40200B129AC /* Project object */;
}
